
Microsoft Visual Studio Solution File, Format Version 12.00
# Visual Studio Version 17
VisualStudioVersion = 17.10.35122.118
MinimumVisualStudioVersion = 10.0.40219.1
Project("{FAE04EC0-301F-11D3-BF4B-00C04F79EFBC}") = "run-tests", "run-tests\run-tests.csproj", "{08D055F7-7F0F-4A07-BDCD-0B3FF78B4FF2}"
EndProject
Global
	GlobalSection(SolutionConfigurationPlatforms) = preSolution
		Debug|Any CPU = Debug|Any CPU
		Release|Any CPU = Release|Any CPU
	EndGlobalSection
	GlobalSection(ProjectConfigurationPlatforms) = postSolution
		{08D055F7-7F0F-4A07-BDCD-0B3FF78B4FF2}.Debug|Any CPU.ActiveCfg = Debug|Any CPU
		{08D055F7-7F0F-4A07-BDCD-0B3FF78B4FF2}.Debug|Any CPU.Build.0 = Debug|Any CPU
		{08D055F7-7F0F-4A07-BDCD-0B3FF78B4FF2}.Release|Any CPU.ActiveCfg = Release|Any CPU
		{08D055F7-7F0F-4A07-BDCD-0B3FF78B4FF2}.Release|Any CPU.Build.0 = Release|Any CPU
	EndGlobalSection
	GlobalSection(SolutionProperties) = preSolution
		HideSolutionNode = FALSE
	EndGlobalSection
	GlobalSection(ExtensibilityGlobals) = postSolution
		SolutionGuid = {1B52B340-9CC2-4E43-9F13-DE4200CF82C7}
	EndGlobalSection
EndGlobal
