# This file is automatically @generated by Cargo.
# It is not intended for manual editing.
version = 3

[[package]]
name = "analysis"
version = "0.1.0"
dependencies = [
 "clippy_utils",
 "dylint_linting",
 "if_chain",
 "paste",
]

[[package]]
name = "anyhow"
version = "1.0.97"
source = "registry+https://github.com/rust-lang/crates.io-index"
checksum = "dcfed56ad506cb2c684a14971b8861fdc3baaaae314b9e5f9bb532cbe3ba7a4f"

[[package]]
name = "arrayvec"
version = "0.7.0"
source = "registry+https://github.com/rust-lang/crates.io-index"
checksum = "5a2f58b0bb10c380af2b26e57212856b8c9a59e0925b4c20f4a174a49734eaf7"

[[package]]
name = "assert-violation"
version = "0.1.0"
dependencies = [
 "clippy_utils",
 "common",
 "dylint_linting",
 "if_chain",
]

[[package]]
name = "autocfg"
version = "1.0.0"
source = "registry+https://github.com/rust-lang/crates.io-index"
checksum = "f8aac770f1885fd7e387acedd76065302551364496e46b3dd00860b2f8359b9d"

[[package]]
name = "avoid-panic-error"
version = "0.1.0"
dependencies = [
 "clippy_utils",
 "common",
 "dylint_linting",
 "if_chain",
]

[[package]]
name = "avoid-unsafe-block"
version = "0.1.0"
dependencies = [
 "clippy_utils",
 "common",
 "dylint_internal",
 "dylint_linting",
 "if_chain",
]

[[package]]
name = "camino"
version = "1.1.9"
source = "registry+https://github.com/rust-lang/crates.io-index"
checksum = "8b96ec4966b5813e2c0507c1f86115c8c5abaadc3980879c3424042a02fd1ad3"
dependencies = [
 "serde",
]

[[package]]
name = "cargo-platform"
version = "0.1.2"
source = "registry+https://github.com/rust-lang/crates.io-index"
checksum = "cbdb825da8a5df079a43676dbe042702f1707b1109f713a01420fbb4cc71fa27"
dependencies = [
 "serde",
]

[[package]]
name = "cargo_metadata"
version = "0.18.1"
source = "registry+https://github.com/rust-lang/crates.io-index"
checksum = "2d886547e41f740c616ae73108f6eb70afe6d940c7bc697cb30f13daec073037"
dependencies = [
 "camino",
 "cargo-platform",
 "semver",
 "serde",
 "serde_json",
 "thiserror",
]

[[package]]
name = "clippy_config"
version = "0.1.76"
source = "git+https://github.com/rust-lang/rust-clippy?rev=99c7838#99c783843dbbdc0ff1af984666341544c962845a"
dependencies = [
 "rustc-semver",
 "serde",
 "toml 0.7.3",
]

[[package]]
name = "clippy_utils"
version = "0.1.76"
source = "git+https://github.com/rust-lang/rust-clippy?rev=99c7838#99c783843dbbdc0ff1af984666341544c962845a"
dependencies = [
 "arrayvec",
 "clippy_config",
 "itertools",
 "rustc-semver",
]

[[package]]
name = "common"
version = "0.1.0"
dependencies = [
 "analysis",
 "declarations",
 "macros",
]

[[package]]
name = "common-detectors"
version = "0.1.0"
dependencies = [
 "analysis",
 "clippy_utils",
 "dylint_internal",
 "dylint_linting",
 "if_chain",
]

[[package]]
name = "declarations"
version = "0.1.0"
dependencies = [
 "serde",
 "thiserror",
]

[[package]]
name = "divide-before-multiply"
version = "0.1.0"
dependencies = [
 "clippy_utils",
 "common",
 "dylint_internal",
 "dylint_linting",
 "if_chain",
]

[[package]]
name = "dylint_internal"
version = "2.6.1"
source = "registry+https://github.com/rust-lang/crates.io-index"
checksum = "9400420c9ffa71c6b1b75d84225a150e3428eb12159e5bf4f56285bd9eb1c095"
dependencies = [
 "anyhow",
]

[[package]]
name = "dylint_linting"
version = "2.6.1"
source = "registry+https://github.com/rust-lang/crates.io-index"
checksum = "43fc05c7103dfadd497486bbbf941899888f4e19271da70b58f66385247230c2"
dependencies = [
 "cargo_metadata",
 "dylint_internal",
 "paste",
 "rustversion",
 "serde",
 "thiserror",
 "toml 0.8.8",
]

[[package]]
name = "either"
version = "1.0.0"
source = "registry+https://github.com/rust-lang/crates.io-index"
checksum = "5845bf77d497f79416df39462df26d4a8b71dd6440246848ee63709476dbb9a6"

[[package]]
name = "empty-expect"
version = "0.1.0"
dependencies = [
 "clippy_utils",
 "common",
 "dylint_linting",
 "if_chain",
]

[[package]]
name = "equivalent"
version = "1.0.0"
source = "registry+https://github.com/rust-lang/crates.io-index"
checksum = "88bffebc5d80432c9b140ee17875ff173a8ab62faad5b257da912bd2f6c1c0a1"

[[package]]
name = "hashbrown"
version = "0.12.0"
source = "registry+https://github.com/rust-lang/crates.io-index"
checksum = "8c21d40587b92fa6a6c6e3c1bdbf87d75511db5672f9c93175574b3a00df1758"

[[package]]
name = "hashbrown"
version = "0.14.0"
source = "registry+https://github.com/rust-lang/crates.io-index"
checksum = "2c6201b9ff9fd90a5a3bac2e56a830d0caa509576f0e503818ee82c181b3437a"

[[package]]
name = "if_chain"
version = "1.0.0"
source = "registry+https://github.com/rust-lang/crates.io-index"
checksum = "c3360c7b59e5ffa2653671fb74b4741a5d343c03f331c0a4aeda42b5c2b0ec7d"

[[package]]
name = "incorrect-exponentiation"
version = "0.1.0"
dependencies = [
 "clippy_utils",
 "common",
 "dylint_internal",
 "dylint_linting",
 "if_chain",
]

[[package]]
name = "indexmap"
version = "1.9.1"
source = "registry+https://github.com/rust-lang/crates.io-index"
checksum = "10a35a97730320ffe8e2d410b5d3b69279b98d2c14bdb8b70ea89ecf7888d41e"
dependencies = [
 "autocfg",
 "hashbrown 0.12.0",
]

[[package]]
name = "indexmap"
version = "2.0.0"
source = "registry+https://github.com/rust-lang/crates.io-index"
checksum = "d5477fe2230a79769d8dc68e0eabf5437907c0457a5614a9e8dddb67f65eb65d"
dependencies = [
 "equivalent",
 "hashbrown 0.14.0",
]

[[package]]
name = "itertools"
version = "0.11.0"
source = "registry+https://github.com/rust-lang/crates.io-index"
checksum = "b1c173a5686ce8bfa551b3563d0c2170bf24ca44da99c7ca4bfdab5418c3fe57"
dependencies = [
 "either",
]

[[package]]
name = "itoa"
version = "1.0.0"
source = "registry+https://github.com/rust-lang/crates.io-index"
checksum = "d2f3e61cf687687b30c9e6ddf0fc36cf15f035e66d491e6da968fa49ffa9a378"

[[package]]
name = "macros"
version = "0.1.0"
dependencies = [
 "proc-macro2",
 "quote",
 "syn 2.0.0",
]

[[package]]
name = "memchr"
version = "2.5.0"
source = "registry+https://github.com/rust-lang/crates.io-index"
checksum = "2dffe52ecf27772e601905b7522cb4ef790d2cc203488bbd0e2fe85fcb74566d"

[[package]]
name = "overflow-check"
version = "0.1.0"
dependencies = [
 "clippy_utils",
 "common",
 "dylint_linting",
 "if_chain",
 "toml 0.8.8",
]

[[package]]
name = "paste"
version = "1.0.0"
source = "registry+https://github.com/rust-lang/crates.io-index"
checksum = "f6ddc8e145de01d9180ac7b78b9676f95a9c2447f6a88b2c2a04702211bc5d71"

[[package]]
name = "proc-macro2"
version = "1.0.80"
source = "registry+https://github.com/rust-lang/crates.io-index"
checksum = "a56dea16b0a29e94408b9aa5e2940a4eedbd128a1ba20e8f7ae60fd3d465af0e"
dependencies = [
 "unicode-ident",
]

[[package]]
name = "quote"
version = "1.0.26"
source = "registry+https://github.com/rust-lang/crates.io-index"
checksum = "4424af4bf778aae2051a77b60283332f386554255d722233d09fbfc7e30da2fc"
dependencies = [
 "proc-macro2",
]

[[package]]
name = "rustc-semver"
version = "1.1.0"
source = "registry+https://github.com/rust-lang/crates.io-index"
checksum = "5be1bdc7edf596692617627bbfeaba522131b18e06ca4df2b6b689e3c5d5ce84"

[[package]]
name = "rustversion"
version = "1.0.0"
source = "registry+https://github.com/rust-lang/crates.io-index"
checksum = "c48f91977f4ef3be5358c15d131d3f663f6b4d7a112555bf3bf52ad23b6659e5"
dependencies = [
 "proc-macro2",
 "quote",
 "syn 1.0.45",
]

[[package]]
name = "ryu"
version = "1.0.0"
source = "registry+https://github.com/rust-lang/crates.io-index"
checksum = "c92464b447c0ee8c4fb3824ecc8383b81717b9f1e74ba2e72540aef7b9f82997"

[[package]]
name = "semver"
version = "1.0.7"
source = "registry+https://github.com/rust-lang/crates.io-index"
checksum = "d65bd28f48be7196d222d95b9243287f48d27aca604e08497513019ff0502cc4"
dependencies = [
 "serde",
]

[[package]]
name = "serde"
version = "1.0.157"
source = "registry+https://github.com/rust-lang/crates.io-index"
checksum = "707de5fcf5df2b5788fca98dd7eab490bc2fd9b7ef1404defc462833b83f25ca"
dependencies = [
 "serde_derive",
]

[[package]]
name = "serde_derive"
version = "1.0.157"
source = "registry+https://github.com/rust-lang/crates.io-index"
checksum = "78997f4555c22a7971214540c4a661291970619afd56de19f77e0de86296e1e5"
dependencies = [
 "proc-macro2",
 "quote",
 "syn 2.0.0",
]

[[package]]
name = "serde_json"
version = "1.0.79"
source = "registry+https://github.com/rust-lang/crates.io-index"
checksum = "8e8d9fa5c3b304765ce1fd9c4c8a3de2c8db365a5b91be52f186efc675681d95"
dependencies = [
 "itoa",
 "ryu",
 "serde",
]

[[package]]
name = "serde_spanned"
version = "0.6.4"
source = "registry+https://github.com/rust-lang/crates.io-index"
checksum = "12022b835073e5b11e90a14f86838ceb1c8fb0325b72416845c487ac0fa95e80"
dependencies = [
 "serde",
]

[[package]]
name = "syn"
version = "1.0.45"
source = "registry+https://github.com/rust-lang/crates.io-index"
checksum = "ea9c5432ff16d6152371f808fb5a871cd67368171b09bb21b43df8e4a47a3556"
dependencies = [
 "proc-macro2",
 "quote",
 "unicode-xid",
]

[[package]]
name = "syn"
version = "2.0.0"
source = "registry+https://github.com/rust-lang/crates.io-index"
checksum = "4cff13bb1732bccfe3b246f3fdb09edfd51c01d6f5299b7ccd9457c2e4e37774"
dependencies = [
 "proc-macro2",
 "quote",
 "unicode-ident",
]

[[package]]
name = "thiserror"
version = "1.0.31"
source = "registry+https://github.com/rust-lang/crates.io-index"
checksum = "bd829fe32373d27f76265620b5309d0340cb8550f523c1dda251d6298069069a"
dependencies = [
 "thiserror-impl",
]

[[package]]
name = "thiserror-impl"
version = "1.0.31"
source = "registry+https://github.com/rust-lang/crates.io-index"
checksum = "0396bc89e626244658bef819e22d0cc459e795a5ebe878e6ec336d1674a8d79a"
dependencies = [
 "proc-macro2",
 "quote",
 "syn 1.0.45",
]

[[package]]
name = "toml"
version = "0.7.3"
source = "registry+https://github.com/rust-lang/crates.io-index"
checksum = "b403acf6f2bb0859c93c7f0d967cb4a75a7ac552100f9322faf64dc047669b21"
dependencies = [
 "serde",
 "serde_spanned",
 "toml_datetime",
 "toml_edit 0.19.6",
]

[[package]]
name = "toml"
version = "0.8.8"
source = "registry+https://github.com/rust-lang/crates.io-index"
checksum = "a1a195ec8c9da26928f773888e0742ca3ca1040c6cd859c919c9f59c1954ab35"
dependencies = [
 "serde",
 "serde_spanned",
 "toml_datetime",
 "toml_edit 0.21.0",
]

[[package]]
name = "toml_datetime"
version = "0.6.5"
source = "registry+https://github.com/rust-lang/crates.io-index"
checksum = "3550f4e9685620ac18a50ed434eb3aec30db8ba93b0287467bca5826ea25baf1"
dependencies = [
 "serde",
]

[[package]]
name = "toml_edit"
version = "0.19.6"
source = "registry+https://github.com/rust-lang/crates.io-index"
checksum = "08de71aa0d6e348f070457f85af8bd566e2bc452156a423ddf22861b3a953fae"
dependencies = [
 "indexmap 1.9.1",
 "serde",
 "serde_spanned",
 "toml_datetime",
 "winnow 0.3.0",
]

[[package]]
name = "toml_edit"
version = "0.21.0"
source = "registry+https://github.com/rust-lang/crates.io-index"
checksum = "d34d383cd00a163b4a5b85053df514d45bc330f6de7737edfe0a93311d1eaa03"
dependencies = [
 "indexmap 2.0.0",
 "serde",
 "serde_spanned",
 "toml_datetime",
 "winnow 0.5.0",
]

[[package]]
name = "unicode-ident"
version = "1.0.0"
source = "registry+https://github.com/rust-lang/crates.io-index"
checksum = "d22af068fba1eb5edcb4aea19d382b2a3deb4c8f9d475c589b6ada9e0fd493ee"

[[package]]
name = "unicode-xid"
version = "0.2.0"
source = "registry+https://github.com/rust-lang/crates.io-index"
checksum = "826e7639553986605ec5979c7dd957c7895e93eabed50ab2ffa7f6128a75097c"

[[package]]
name = "unsafe-expect"
version = "0.1.0"
dependencies = [
 "clippy_utils",
 "common",
 "common-detectors",
 "dylint_linting",
 "if_chain",
]

[[package]]
name = "unsafe-unwrap"
version = "0.1.0"
dependencies = [
 "clippy_utils",
 "common",
 "common-detectors",
 "dylint_linting",
 "if_chain",
]

[[package]]
name = "winnow"
version = "0.3.0"
source = "registry+https://github.com/rust-lang/crates.io-index"
checksum = "efdd927d1a3d5d98abcfc4cf8627371862ee6abfe52a988050621c50c66b4493"
dependencies = [
 "memchr",
]

[[package]]
name = "winnow"
version = "0.5.0"
source = "registry+https://github.com/rust-lang/crates.io-index"
checksum = "81fac9742fd1ad1bd9643b991319f72dd031016d44b77039a26977eb667141e7"
dependencies = [
 "memchr",
]
